{
  "name": "@hyperdag/trust-demo",
  "version": "0.1.0",
  "lockfileVersion": 3,
  "requires": true,
  "packages": {
    "": {
      "name": "@hyperdag/trust-demo",
      "version": "0.1.0",
      "license": "Apache-2.0",
      "dependencies": {
        "@hyperdag/proof-verifier": "^0.2.0"
      },
      "bin": {
        "trust-demo": "bin/trust-demo.mjs"
      },
      "engines": {
        "node": ">=18"
      }
    },
    "node_modules/@hyperdag/proof-verifier": {
      "version": "0.2.0",
      "resolved": "https://registry.npmjs.org/@hyperdag/proof-verifier/-/proof-verifier-0.2.0.tgz",
      "integrity": "sha512-jmhzIZAdEZOJl4vEbenMEGJxl3uLzi0LCKlOXbHFHGhD0MOLhGY2QhnHlniYdsIlzhOsGf42AVy8aNdPhbk4uQ==",
      "license": "Apache-2.0"
    }
  }
}
